# This file was autogenerated by uv via the following command:
#    uv pip compile requirements.txt -o requirements.lock
annotated-types==0.7.0
    # via pydantic
anyio==4.9.0
    # via
    #   httpx
    #   mcp
    #   sse-starlette
    #   starlette
    #   watchfiles
asyncpg==0.30.0
    # via -r requirements.txt
certifi==2025.1.31
    # via
    #   httpcore
    #   httpx
click==8.1.8
    # via
    #   typer
    #   uvicorn
debugpy==1.8.13
    # via -r requirements.txt
fastapi==0.115.12
    # via -r requirements.txt
h11==0.14.0
    # via
    #   httpcore
    #   uvicorn
httpcore==1.0.7
    # via httpx
httptools==0.6.4
    # via uvicorn
httpx==0.28.1
    # via
    #   -r requirements.txt
    #   mcp
httpx-sse==0.4.0
    # via mcp
idna==3.10
    # via
    #   anyio
    #   httpx
markdown-it-py==3.0.0
    # via rich
mcp==1.6.0
    # via -r requirements.txt
mdurl==0.1.2
    # via markdown-it-py
pydantic==2.11.2
    # via
    #   fastapi
    #   mcp
    #   pydantic-settings
pydantic-core==2.33.1
    # via pydantic
pydantic-settings==2.8.1
    # via mcp
pygments==2.19.1
    # via rich
python-dotenv==1.1.0
    # via
    #   -r requirements.txt
    #   mcp
    #   pydantic-settings
    #   uvicorn
pyyaml==6.0.2
    # via uvicorn
rich==14.0.0
    # via typer
shellingham==1.5.4
    # via typer
sniffio==1.3.1
    # via anyio
sse-starlette==2.2.1
    # via mcp
starlette==0.46.1
    # via
    #   fastapi
    #   mcp
    #   sse-starlette
typer==0.15.2
    # via mcp
typing-extensions==4.13.1
    # via
    #   anyio
    #   fastapi
    #   pydantic
    #   pydantic-core
    #   typer
    #   typing-inspection
typing-inspection==0.4.0
    # via pydantic
uvicorn==0.34.0
    # via
    #   -r requirements.txt
    #   mcp
uvloop==0.21.0
    # via uvicorn
watchdog==6.0.0
    # via -r requirements.txt
watchfiles==1.0.4
    # via uvicorn
websockets==15.0.1
    # via
    #   -r requirements.txt
    #   uvicorn
